
Microsoft Visual Studio Solution File, Format Version 12.00
# Visual Studio Version 16
VisualStudioVersion = 16.0.29503.13
MinimumVisualStudioVersion = 10.0.40219.1
Project("{FAE04EC0-301F-11D3-BF4B-00C04F79EFBC}") = "BuildInstructions", "BuildInstructions\BuildInstructions.csproj", "{E94282CC-A12B-418A-8618-D8223B3A3097}"
EndProject
Global
	GlobalSection(SolutionConfigurationPlatforms) = preSolution
		Debug|Any CPU = Debug|Any CPU
		Release|Any CPU = Release|Any CPU
	EndGlobalSection
	GlobalSection(ProjectConfigurationPlatforms) = postSolution
		{E94282CC-A12B-418A-8618-D8223B3A3097}.Debug|Any CPU.ActiveCfg = Debug|Any CPU
		{E94282CC-A12B-418A-8618-D8223B3A3097}.Debug|Any CPU.Build.0 = Debug|Any CPU
		{E94282CC-A12B-418A-8618-D8223B3A3097}.Release|Any CPU.ActiveCfg = Release|Any CPU
		{E94282CC-A12B-418A-8618-D8223B3A3097}.Release|Any CPU.Build.0 = Release|Any CPU
	EndGlobalSection
	GlobalSection(SolutionProperties) = preSolution
		HideSolutionNode = FALSE
	EndGlobalSection
	GlobalSection(ExtensibilityGlobals) = postSolution
		SolutionGuid = {ACD5657B-4355-41DC-9F60-846A24DDBEFF}
	EndGlobalSection
EndGlobal
